
Microsoft Visual Studio Solution File, Format Version 12.00
# Visual Studio Version 17
VisualStudioVersion = 17.11.35303.130
MinimumVisualStudioVersion = 10.0.40219.1
Project("{FAE04EC0-301F-11D3-BF4B-00C04F79EFBC}") = "PR_5", "PR_5.csproj", "{AD155A2A-68CD-4C75-80D9-764C6AFFE837}"
EndProject
Global
	GlobalSection(SolutionConfigurationPlatforms) = preSolution
		Debug|Any CPU = Debug|Any CPU
		Release|Any CPU = Release|Any CPU
	EndGlobalSection
	GlobalSection(ProjectConfigurationPlatforms) = postSolution
		{AD155A2A-68CD-4C75-80D9-764C6AFFE837}.Debug|Any CPU.ActiveCfg = Debug|Any CPU
		{AD155A2A-68CD-4C75-80D9-764C6AFFE837}.Debug|Any CPU.Build.0 = Debug|Any CPU
		{AD155A2A-68CD-4C75-80D9-764C6AFFE837}.Release|Any CPU.ActiveCfg = Release|Any CPU
		{AD155A2A-68CD-4C75-80D9-764C6AFFE837}.Release|Any CPU.Build.0 = Release|Any CPU
	EndGlobalSection
	GlobalSection(SolutionProperties) = preSolution
		HideSolutionNode = FALSE
	EndGlobalSection
	GlobalSection(ExtensibilityGlobals) = postSolution
		SolutionGuid = {2EAEDA57-EAA1-44C1-8328-B77F7FE5CEC7}
	EndGlobalSection
EndGlobal
